// !$*UTF8*$!
{
	archiveVersion = 1;
	classes = {
	};
	objectVersion = 56;
	objects = {

/* Begin PBXBuildFile section */
		42056A502CB35A2A00BC3F87 /* DeviceInfo.swift in Sources */ = {isa = PBXBuildFile; fileRef = 42056A4F2CB35A2300BC3F87 /* DeviceInfo.swift */; };
		4207D60E2CC284B600B61B2E /* HHMonth+CoreDataClass.swift in Sources */ = {isa = PBXBuildFile; fileRef = 4207D6082CC284B600B61B2E /* HHMonth+CoreDataClass.swift */; };
		4207D60F2CC284B600B61B2E /* HHMonth+CoreDataProperties.swift in Sources */ = {isa = PBXBuildFile; fileRef = 4207D6092CC284B600B61B2E /* HHMonth+CoreDataProperties.swift */; };
		4207D6102CC284B600B61B2E /* HHYear+CoreDataClass.swift in Sources */ = {isa = PBXBuildFile; fileRef = 4207D60A2CC284B600B61B2E /* HHYear+CoreDataClass.swift */; };
		4207D6112CC284B600B61B2E /* HHYear+CoreDataProperties.swift in Sources */ = {isa = PBXBuildFile; fileRef = 4207D60B2CC284B600B61B2E /* HHYear+CoreDataProperties.swift */; };
		4207D6122CC284B600B61B2E /* ToDo+CoreDataClass.swift in Sources */ = {isa = PBXBuildFile; fileRef = 4207D60C2CC284B600B61B2E /* ToDo+CoreDataClass.swift */; };
		4207D6132CC284B600B61B2E /* ToDo+CoreDataProperties.swift in Sources */ = {isa = PBXBuildFile; fileRef = 4207D60D2CC284B600B61B2E /* ToDo+CoreDataProperties.swift */; };
		422010842CA68EAE00721175 /* MonthlyViewModel.swift in Sources */ = {isa = PBXBuildFile; fileRef = 422010832CA68E9200721175 /* MonthlyViewModel.swift */; };
		4223B9662CA02CAF00BD9708 /* YearsViewModel.swift in Sources */ = {isa = PBXBuildFile; fileRef = 4223B9652CA02CA600BD9708 /* YearsViewModel.swift */; };
		422B28F62CCBC380008A5327 /* Localizable.xcstrings in Resources */ = {isa = PBXBuildFile; fileRef = 422B28F52CCBC380008A5327 /* Localizable.xcstrings */; };
		4231E7592CB17E11006EFD99 /* SettingsViewModel.swift in Sources */ = {isa = PBXBuildFile; fileRef = 4231E7582CB17E05006EFD99 /* SettingsViewModel.swift */; };
		42322B432C9F12AA008C54FD /* MonthlyCell.swift in Sources */ = {isa = PBXBuildFile; fileRef = 42322B422C9F12AA008C54FD /* MonthlyCell.swift */; };
		427C4EDD2C91C3F100DE7844 /* EliceDigitalBaeumOTF_Bold.otf in Resources */ = {isa = PBXBuildFile; fileRef = 427C4EDB2C91C3F100DE7844 /* EliceDigitalBaeumOTF_Bold.otf */; };
		427C4EDE2C91C3F100DE7844 /* EliceDigitalBaeumOTF_Regular.otf in Resources */ = {isa = PBXBuildFile; fileRef = 427C4EDC2C91C3F100DE7844 /* EliceDigitalBaeumOTF_Regular.otf */; };
		427C4EE22C91C59C00DE7844 /* UIFont+Extension.swift in Sources */ = {isa = PBXBuildFile; fileRef = 427C4EE12C91C59C00DE7844 /* UIFont+Extension.swift */; };
		427C4EE42C91CC8B00DE7844 /* Colors.xcassets in Resources */ = {isa = PBXBuildFile; fileRef = 427C4EE32C91CC8B00DE7844 /* Colors.xcassets */; };
		427C4EE62C91D5B200DE7844 /* ViewController.swift in Sources */ = {isa = PBXBuildFile; fileRef = 427C4EE52C91D5B200DE7844 /* ViewController.swift */; };
		42AECC2D2CC684B30068F47D /* CoreDataInitializer.swift in Sources */ = {isa = PBXBuildFile; fileRef = 42AECC2C2CC6848C0068F47D /* CoreDataInitializer.swift */; };
		42BC1FED2CAE4F9100BED6F2 /* SettingsViewController.swift in Sources */ = {isa = PBXBuildFile; fileRef = 42BC1FEC2CAE4F9100BED6F2 /* SettingsViewController.swift */; };
		42CE1D7D2CA933D900270234 /* Date+Extension.swift in Sources */ = {isa = PBXBuildFile; fileRef = 42CE1D7C2CA933D000270234 /* Date+Extension.swift */; };
		42CE1D802CA93BA200270234 /* CoreDataManager.swift in Sources */ = {isa = PBXBuildFile; fileRef = 42CE1D7F2CA93B9B00270234 /* CoreDataManager.swift */; };
		42DBE6DC2C9FD3330012BC63 /* YearHeaderView.swift in Sources */ = {isa = PBXBuildFile; fileRef = 42DBE6DB2C9FD3330012BC63 /* YearHeaderView.swift */; };
		42E2BB402CB107D100C102DE /* SettingDetailViewController.swift in Sources */ = {isa = PBXBuildFile; fileRef = 42E2BB3F2CB107D100C102DE /* SettingDetailViewController.swift */; };
		42EB0BFB2CB284DF00E38A49 /* SettingsBaseViewController.swift in Sources */ = {isa = PBXBuildFile; fileRef = 42EB0BFA2CB284DF00E38A49 /* SettingsBaseViewController.swift */; };
		42FA31F32C918A6500AB5469 /* AppDelegate.swift in Sources */ = {isa = PBXBuildFile; fileRef = 42FA31F22C918A6500AB5469 /* AppDelegate.swift */; };
		42FA31F52C918A6500AB5469 /* SceneDelegate.swift in Sources */ = {isa = PBXBuildFile; fileRef = 42FA31F42C918A6500AB5469 /* SceneDelegate.swift */; };
		42FA31FD2C918A6500AB5469 /* HanHae.xcdatamodeld in Sources */ = {isa = PBXBuildFile; fileRef = 42FA31FB2C918A6500AB5469 /* HanHae.xcdatamodeld */; };
		42FA31FF2C918A6600AB5469 /* Assets.xcassets in Resources */ = {isa = PBXBuildFile; fileRef = 42FA31FE2C918A6600AB5469 /* Assets.xcassets */; };
		42FA32022C918A6600AB5469 /* Base in Resources */ = {isa = PBXBuildFile; fileRef = 42FA32012C918A6600AB5469 /* Base */; };
		42FBAC1F2C92993A002F5A4D /* SampleModel.swift in Sources */ = {isa = PBXBuildFile; fileRef = 42FBAC1E2C92993A002F5A4D /* SampleModel.swift */; };
		42FBAC232C929AC5002F5A4D /* HHBaseViewController.swift in Sources */ = {isa = PBXBuildFile; fileRef = 42FBAC222C929AC5002F5A4D /* HHBaseViewController.swift */; };
		42FD5ADD2C9C6DB100B1AF81 /* YearsViewController.swift in Sources */ = {isa = PBXBuildFile; fileRef = 42FD5ADC2C9C6DB100B1AF81 /* YearsViewController.swift */; };
		D787E0722CAC9ABA006010F4 /* MonthlyViewController.swift in Sources */ = {isa = PBXBuildFile; fileRef = D787E0712CAC9A7E006010F4 /* MonthlyViewController.swift */; };
		D787E0742CAC9AD6006010F4 /* MonthlyMottoViewController.swift in Sources */ = {isa = PBXBuildFile; fileRef = D787E0732CAC9AD4006010F4 /* MonthlyMottoViewController.swift */; };
		D787E0782CAC9AEF006010F4 /* ToDoListTableViewCell.swift in Sources */ = {isa = PBXBuildFile; fileRef = D787E0772CAC9AE9006010F4 /* ToDoListTableViewCell.swift */; };
		D787E07A2CAC9B03006010F4 /* DetailViewController.swift in Sources */ = {isa = PBXBuildFile; fileRef = D787E0792CAC9AFF006010F4 /* DetailViewController.swift */; };
		D787E07C2CACA52B006010F4 /* MonthlyMottoViewModel.swift in Sources */ = {isa = PBXBuildFile; fileRef = D787E07B2CACA51B006010F4 /* MonthlyMottoViewModel.swift */; };
		D787E07E2CACA729006010F4 /* MonthlyToDoListViewModel.swift in Sources */ = {isa = PBXBuildFile; fileRef = D787E07D2CACA71E006010F4 /* MonthlyToDoListViewModel.swift */; };
/* End PBXBuildFile section */

/* Begin PBXFileReference section */
		42056A4F2CB35A2300BC3F87 /* DeviceInfo.swift */ = {isa = PBXFileReference; lastKnownFileType = sourcecode.swift; path = DeviceInfo.swift; sourceTree = "<group>"; };
		4207D6082CC284B600B61B2E /* HHMonth+CoreDataClass.swift */ = {isa = PBXFileReference; lastKnownFileType = sourcecode.swift; path = "HHMonth+CoreDataClass.swift"; sourceTree = "<group>"; };
		4207D6092CC284B600B61B2E /* HHMonth+CoreDataProperties.swift */ = {isa = PBXFileReference; lastKnownFileType = sourcecode.swift; path = "HHMonth+CoreDataProperties.swift"; sourceTree = "<group>"; };
		4207D60A2CC284B600B61B2E /* HHYear+CoreDataClass.swift */ = {isa = PBXFileReference; lastKnownFileType = sourcecode.swift; path = "HHYear+CoreDataClass.swift"; sourceTree = "<group>"; };
		4207D60B2CC284B600B61B2E /* HHYear+CoreDataProperties.swift */ = {isa = PBXFileReference; lastKnownFileType = sourcecode.swift; path = "HHYear+CoreDataProperties.swift"; sourceTree = "<group>"; };
		4207D60C2CC284B600B61B2E /* ToDo+CoreDataClass.swift */ = {isa = PBXFileReference; lastKnownFileType = sourcecode.swift; path = "ToDo+CoreDataClass.swift"; sourceTree = "<group>"; };
		4207D60D2CC284B600B61B2E /* ToDo+CoreDataProperties.swift */ = {isa = PBXFileReference; lastKnownFileType = sourcecode.swift; path = "ToDo+CoreDataProperties.swift"; sourceTree = "<group>"; };
		422010832CA68E9200721175 /* MonthlyViewModel.swift */ = {isa = PBXFileReference; lastKnownFileType = sourcecode.swift; path = MonthlyViewModel.swift; sourceTree = "<group>"; };
		4223B9652CA02CA600BD9708 /* YearsViewModel.swift */ = {isa = PBXFileReference; lastKnownFileType = sourcecode.swift; path = YearsViewModel.swift; sourceTree = "<group>"; };
		422B28F52CCBC380008A5327 /* Localizable.xcstrings */ = {isa = PBXFileReference; lastKnownFileType = text.json.xcstrings; path = Localizable.xcstrings; sourceTree = "<group>"; };
		4231E7582CB17E05006EFD99 /* SettingsViewModel.swift */ = {isa = PBXFileReference; lastKnownFileType = sourcecode.swift; path = SettingsViewModel.swift; sourceTree = "<group>"; };
		42322B422C9F12AA008C54FD /* MonthlyCell.swift */ = {isa = PBXFileReference; lastKnownFileType = sourcecode.swift; path = MonthlyCell.swift; sourceTree = "<group>"; };
		427C4EDB2C91C3F100DE7844 /* EliceDigitalBaeumOTF_Bold.otf */ = {isa = PBXFileReference; lastKnownFileType = file; path = EliceDigitalBaeumOTF_Bold.otf; sourceTree = "<group>"; };
		427C4EDC2C91C3F100DE7844 /* EliceDigitalBaeumOTF_Regular.otf */ = {isa = PBXFileReference; lastKnownFileType = file; path = EliceDigitalBaeumOTF_Regular.otf; sourceTree = "<group>"; };
		427C4EE12C91C59C00DE7844 /* UIFont+Extension.swift */ = {isa = PBXFileReference; lastKnownFileType = sourcecode.swift; path = "UIFont+Extension.swift"; sourceTree = "<group>"; };
		427C4EE32C91CC8B00DE7844 /* Colors.xcassets */ = {isa = PBXFileReference; lastKnownFileType = folder.assetcatalog; path = Colors.xcassets; sourceTree = "<group>"; };
		427C4EE52C91D5B200DE7844 /* ViewController.swift */ = {isa = PBXFileReference; lastKnownFileType = sourcecode.swift; path = ViewController.swift; sourceTree = "<group>"; };
		42AECC2C2CC6848C0068F47D /* CoreDataInitializer.swift */ = {isa = PBXFileReference; lastKnownFileType = sourcecode.swift; path = CoreDataInitializer.swift; sourceTree = "<group>"; };
		42BC1FEC2CAE4F9100BED6F2 /* SettingsViewController.swift */ = {isa = PBXFileReference; lastKnownFileType = sourcecode.swift; path = SettingsViewController.swift; sourceTree = "<group>"; };
		42CE1D7C2CA933D000270234 /* Date+Extension.swift */ = {isa = PBXFileReference; lastKnownFileType = sourcecode.swift; path = "Date+Extension.swift"; sourceTree = "<group>"; };
		42CE1D7F2CA93B9B00270234 /* CoreDataManager.swift */ = {isa = PBXFileReference; lastKnownFileType = sourcecode.swift; path = CoreDataManager.swift; sourceTree = "<group>"; };
		42DBE6DB2C9FD3330012BC63 /* YearHeaderView.swift */ = {isa = PBXFileReference; lastKnownFileType = sourcecode.swift; path = YearHeaderView.swift; sourceTree = "<group>"; };
		42E2BB3F2CB107D100C102DE /* SettingDetailViewController.swift */ = {isa = PBXFileReference; lastKnownFileType = sourcecode.swift; path = SettingDetailViewController.swift; sourceTree = "<group>"; };
		42EB0BFA2CB284DF00E38A49 /* SettingsBaseViewController.swift */ = {isa = PBXFileReference; lastKnownFileType = sourcecode.swift; path = SettingsBaseViewController.swift; sourceTree = "<group>"; };
		42FA31EF2C918A6500AB5469 /* HanHae.app */ = {isa = PBXFileReference; explicitFileType = wrapper.application; includeInIndex = 0; path = HanHae.app; sourceTree = BUILT_PRODUCTS_DIR; };
		42FA31F22C918A6500AB5469 /* AppDelegate.swift */ = {isa = PBXFileReference; lastKnownFileType = sourcecode.swift; path = AppDelegate.swift; sourceTree = "<group>"; };
		42FA31F42C918A6500AB5469 /* SceneDelegate.swift */ = {isa = PBXFileReference; lastKnownFileType = sourcecode.swift; path = SceneDelegate.swift; sourceTree = "<group>"; };
		42FA31FC2C918A6500AB5469 /* HanHae.xcdatamodel */ = {isa = PBXFileReference; lastKnownFileType = wrapper.xcdatamodel; path = HanHae.xcdatamodel; sourceTree = "<group>"; };
		42FA31FE2C918A6600AB5469 /* Assets.xcassets */ = {isa = PBXFileReference; lastKnownFileType = folder.assetcatalog; path = Assets.xcassets; sourceTree = "<group>"; };
		42FA32012C918A6600AB5469 /* Base */ = {isa = PBXFileReference; lastKnownFileType = file.storyboard; name = Base; path = Base.lproj/LaunchScreen.storyboard; sourceTree = "<group>"; };
		42FA32032C918A6600AB5469 /* Info.plist */ = {isa = PBXFileReference; lastKnownFileType = text.plist.xml; path = Info.plist; sourceTree = "<group>"; };
		42FBAC1E2C92993A002F5A4D /* SampleModel.swift */ = {isa = PBXFileReference; lastKnownFileType = sourcecode.swift; path = SampleModel.swift; sourceTree = "<group>"; };
		42FBAC222C929AC5002F5A4D /* HHBaseViewController.swift */ = {isa = PBXFileReference; lastKnownFileType = sourcecode.swift; path = HHBaseViewController.swift; sourceTree = "<group>"; };
		42FD5ADC2C9C6DB100B1AF81 /* YearsViewController.swift */ = {isa = PBXFileReference; lastKnownFileType = sourcecode.swift; path = YearsViewController.swift; sourceTree = "<group>"; };
		D787E0712CAC9A7E006010F4 /* MonthlyViewController.swift */ = {isa = PBXFileReference; lastKnownFileType = sourcecode.swift; path = MonthlyViewController.swift; sourceTree = "<group>"; };
		D787E0732CAC9AD4006010F4 /* MonthlyMottoViewController.swift */ = {isa = PBXFileReference; lastKnownFileType = sourcecode.swift; path = MonthlyMottoViewController.swift; sourceTree = "<group>"; };
		D787E0772CAC9AE9006010F4 /* ToDoListTableViewCell.swift */ = {isa = PBXFileReference; lastKnownFileType = sourcecode.swift; path = ToDoListTableViewCell.swift; sourceTree = "<group>"; };
		D787E0792CAC9AFF006010F4 /* DetailViewController.swift */ = {isa = PBXFileReference; lastKnownFileType = sourcecode.swift; path = DetailViewController.swift; sourceTree = "<group>"; };
		D787E07B2CACA51B006010F4 /* MonthlyMottoViewModel.swift */ = {isa = PBXFileReference; lastKnownFileType = sourcecode.swift; path = MonthlyMottoViewModel.swift; sourceTree = "<group>"; };
		D787E07D2CACA71E006010F4 /* MonthlyToDoListViewModel.swift */ = {isa = PBXFileReference; lastKnownFileType = sourcecode.swift; path = MonthlyToDoListViewModel.swift; sourceTree = "<group>"; };
/* End PBXFileReference section */

/* Begin PBXFrameworksBuildPhase section */
		42FA31EC2C918A6500AB5469 /* Frameworks */ = {
			isa = PBXFrameworksBuildPhase;
			buildActionMask = 2147483647;
			files = (
			);
			runOnlyForDeploymentPostprocessing = 0;
		};
/* End PBXFrameworksBuildPhase section */

/* Begin PBXGroup section */
		42056A4E2CB35A1900BC3F87 /* Helpers */ = {
			isa = PBXGroup;
			children = (
				42056A4F2CB35A2300BC3F87 /* DeviceInfo.swift */,
			);
			path = Helpers;
			sourceTree = "<group>";
		};
		421FA1382C930C3C00207006 /* Months */ = {
			isa = PBXGroup;
			children = (
				D787E0712CAC9A7E006010F4 /* MonthlyViewController.swift */,
				D787E0732CAC9AD4006010F4 /* MonthlyMottoViewController.swift */,
				D787E0772CAC9AE9006010F4 /* ToDoListTableViewCell.swift */,
				D787E0792CAC9AFF006010F4 /* DetailViewController.swift */,
			);
			path = Months;
			sourceTree = "<group>";
		};
		421FA1392C930C4E00207006 /* Years */ = {
			isa = PBXGroup;
			children = (
				42FD5ADC2C9C6DB100B1AF81 /* YearsViewController.swift */,
				42322B422C9F12AA008C54FD /* MonthlyCell.swift */,
				42DBE6DB2C9FD3330012BC63 /* YearHeaderView.swift */,
			);
			path = Years;
			sourceTree = "<group>";
		};
		4231E7572CB17DD7006EFD99 /* Settings */ = {
			isa = PBXGroup;
			children = (
				4231E7582CB17E05006EFD99 /* SettingsViewModel.swift */,
			);
			path = Settings;
			sourceTree = "<group>";
		};
		427C4ED62C91C2E500DE7844 /* Views */ = {
			isa = PBXGroup;
			children = (
				421FA1392C930C4E00207006 /* Years */,
				421FA1382C930C3C00207006 /* Months */,
				42BC1FEB2CAE4F7700BED6F2 /* Settings */,
				42FA32002C918A6600AB5469 /* LaunchScreen.storyboard */,
				427C4EE52C91D5B200DE7844 /* ViewController.swift */,
				42FBAC222C929AC5002F5A4D /* HHBaseViewController.swift */,
			);
			path = Views;
			sourceTree = "<group>";
		};
		427C4ED72C91C2F000DE7844 /* Models */ = {
			isa = PBXGroup;
			children = (
				42FBAC1E2C92993A002F5A4D /* SampleModel.swift */,
				4207D6082CC284B600B61B2E /* HHMonth+CoreDataClass.swift */,
				4207D6092CC284B600B61B2E /* HHMonth+CoreDataProperties.swift */,
				4207D60A2CC284B600B61B2E /* HHYear+CoreDataClass.swift */,
				4207D60B2CC284B600B61B2E /* HHYear+CoreDataProperties.swift */,
				4207D60C2CC284B600B61B2E /* ToDo+CoreDataClass.swift */,
				4207D60D2CC284B600B61B2E /* ToDo+CoreDataProperties.swift */,
			);
			path = Models;
			sourceTree = "<group>";
		};
		427C4ED82C91C2F600DE7844 /* ViewModels */ = {
			isa = PBXGroup;
			children = (
				42FD5AD82C9C194000B1AF81 /* Years */,
				42FD5AD92C9C194700B1AF81 /* Months */,
				4231E7572CB17DD7006EFD99 /* Settings */,
			);
			path = ViewModels;
			sourceTree = "<group>";
		};
		427C4ED92C91C39400DE7844 /* Resources */ = {
			isa = PBXGroup;
			children = (
				427C4EDA2C91C3B100DE7844 /* Fonts */,
				42FA31FE2C918A6600AB5469 /* Assets.xcassets */,
				427C4EE32C91CC8B00DE7844 /* Colors.xcassets */,
			);
			path = Resources;
			sourceTree = "<group>";
		};
		427C4EDA2C91C3B100DE7844 /* Fonts */ = {
			isa = PBXGroup;
			children = (
				427C4EDB2C91C3F100DE7844 /* EliceDigitalBaeumOTF_Bold.otf */,
				427C4EDC2C91C3F100DE7844 /* EliceDigitalBaeumOTF_Regular.otf */,
			);
			path = Fonts;
			sourceTree = "<group>";
		};
		427C4EDF2C91C54500DE7844 /* Utilities */ = {
			isa = PBXGroup;
			children = (
				42056A4E2CB35A1900BC3F87 /* Helpers */,
				427C4EE02C91C56100DE7844 /* Extensions */,
			);
			path = Utilities;
			sourceTree = "<group>";
		};
		427C4EE02C91C56100DE7844 /* Extensions */ = {
			isa = PBXGroup;
			children = (
				42CE1D7C2CA933D000270234 /* Date+Extension.swift */,
				427C4EE12C91C59C00DE7844 /* UIFont+Extension.swift */,
			);
			path = Extensions;
			sourceTree = "<group>";
		};
		42BC1FEB2CAE4F7700BED6F2 /* Settings */ = {
			isa = PBXGroup;
			children = (
				42BC1FEC2CAE4F9100BED6F2 /* SettingsViewController.swift */,
				42E2BB3F2CB107D100C102DE /* SettingDetailViewController.swift */,
				42EB0BFA2CB284DF00E38A49 /* SettingsBaseViewController.swift */,
			);
			path = Settings;
			sourceTree = "<group>";
		};
		42CE1D7E2CA93B5400270234 /* Services */ = {
			isa = PBXGroup;
			children = (
				42AECC2C2CC6848C0068F47D /* CoreDataInitializer.swift */,
				42CE1D7F2CA93B9B00270234 /* CoreDataManager.swift */,
			);
			path = Services;
			sourceTree = "<group>";
		};
		42FA31E62C918A6500AB5469 = {
			isa = PBXGroup;
			children = (
				42FA31F12C918A6500AB5469 /* HanHae */,
				42FA31F02C918A6500AB5469 /* Products */,
			);
			sourceTree = "<group>";
		};
		42FA31F02C918A6500AB5469 /* Products */ = {
			isa = PBXGroup;
			children = (
				42FA31EF2C918A6500AB5469 /* HanHae.app */,
			);
			name = Products;
			sourceTree = "<group>";
		};
		42FA31F12C918A6500AB5469 /* HanHae */ = {
			isa = PBXGroup;
			children = (
				42FA31F22C918A6500AB5469 /* AppDelegate.swift */,
				42FA31F42C918A6500AB5469 /* SceneDelegate.swift */,
				427C4ED72C91C2F000DE7844 /* Models */,
				427C4ED62C91C2E500DE7844 /* Views */,
				427C4ED82C91C2F600DE7844 /* ViewModels */,
				42CE1D7E2CA93B5400270234 /* Services */,
				427C4EDF2C91C54500DE7844 /* Utilities */,
				427C4ED92C91C39400DE7844 /* Resources */,
				42FA32032C918A6600AB5469 /* Info.plist */,
				42FA31FB2C918A6500AB5469 /* HanHae.xcdatamodeld */,
				422B28F52CCBC380008A5327 /* Localizable.xcstrings */,
			);
			path = HanHae;
			sourceTree = "<group>";
		};
		42FD5AD82C9C194000B1AF81 /* Years */ = {
			isa = PBXGroup;
			children = (
				4223B9652CA02CA600BD9708 /* YearsViewModel.swift */,
			);
			path = Years;
			sourceTree = "<group>";
		};
		42FD5AD92C9C194700B1AF81 /* Months */ = {
			isa = PBXGroup;
			children = (
				D787E07B2CACA51B006010F4 /* MonthlyMottoViewModel.swift */,
				D787E07D2CACA71E006010F4 /* MonthlyToDoListViewModel.swift */,
				422010832CA68E9200721175 /* MonthlyViewModel.swift */,
			);
			path = Months;
			sourceTree = "<group>";
		};
/* End PBXGroup section */

/* Begin PBXNativeTarget section */
		42FA31EE2C918A6500AB5469 /* HanHae */ = {
			isa = PBXNativeTarget;
			buildConfigurationList = 42FA32062C918A6600AB5469 /* Build configuration list for PBXNativeTarget "HanHae" */;
			buildPhases = (
				42FA31EB2C918A6500AB5469 /* Sources */,
				42FA31EC2C918A6500AB5469 /* Frameworks */,
				42FA31ED2C918A6500AB5469 /* Resources */,
			);
			buildRules = (
			);
			dependencies = (
			);
			name = HanHae;
			productName = HanHae;
			productReference = 42FA31EF2C918A6500AB5469 /* HanHae.app */;
			productType = "com.apple.product-type.application";
		};
/* End PBXNativeTarget section */

/* Begin PBXProject section */
		42FA31E72C918A6500AB5469 /* Project object */ = {
			isa = PBXProject;
			attributes = {
				BuildIndependentTargetsInParallel = 1;
				LastSwiftUpdateCheck = 1540;
				LastUpgradeCheck = 1600;
				TargetAttributes = {
					42FA31EE2C918A6500AB5469 = {
						CreatedOnToolsVersion = 15.4;
					};
				};
			};
			buildConfigurationList = 42FA31EA2C918A6500AB5469 /* Build configuration list for PBXProject "HanHae" */;
			compatibilityVersion = "Xcode 14.0";
			developmentRegion = ko;
			hasScannedForEncodings = 0;
			knownRegions = (
				en,
				Base,
				ko,
			);
			mainGroup = 42FA31E62C918A6500AB5469;
			productRefGroup = 42FA31F02C918A6500AB5469 /* Products */;
			projectDirPath = "";
			projectRoot = "";
			targets = (
				42FA31EE2C918A6500AB5469 /* HanHae */,
			);
		};
/* End PBXProject section */

/* Begin PBXResourcesBuildPhase section */
		42FA31ED2C918A6500AB5469 /* Resources */ = {
			isa = PBXResourcesBuildPhase;
			buildActionMask = 2147483647;
			files = (
				427C4EE42C91CC8B00DE7844 /* Colors.xcassets in Resources */,
				42FA31FF2C918A6600AB5469 /* Assets.xcassets in Resources */,
				422B28F62CCBC380008A5327 /* Localizable.xcstrings in Resources */,
				42FA32022C918A6600AB5469 /* Base in Resources */,
				427C4EDE2C91C3F100DE7844 /* EliceDigitalBaeumOTF_Regular.otf in Resources */,
				427C4EDD2C91C3F100DE7844 /* EliceDigitalBaeumOTF_Bold.otf in Resources */,
			);
			runOnlyForDeploymentPostprocessing = 0;
		};
/* End PBXResourcesBuildPhase section */

/* Begin PBXSourcesBuildPhase section */
		42FA31EB2C918A6500AB5469 /* Sources */ = {
			isa = PBXSourcesBuildPhase;
			buildActionMask = 2147483647;
			files = (
				D787E07C2CACA52B006010F4 /* MonthlyMottoViewModel.swift in Sources */,
				D787E0722CAC9ABA006010F4 /* MonthlyViewController.swift in Sources */,
				4207D60E2CC284B600B61B2E /* HHMonth+CoreDataClass.swift in Sources */,
				4207D60F2CC284B600B61B2E /* HHMonth+CoreDataProperties.swift in Sources */,
				4207D6102CC284B600B61B2E /* HHYear+CoreDataClass.swift in Sources */,
				4207D6112CC284B600B61B2E /* HHYear+CoreDataProperties.swift in Sources */,
				4207D6122CC284B600B61B2E /* ToDo+CoreDataClass.swift in Sources */,
				4207D6132CC284B600B61B2E /* ToDo+CoreDataProperties.swift in Sources */,
				42EB0BFB2CB284DF00E38A49 /* SettingsBaseViewController.swift in Sources */,
				D787E07E2CACA729006010F4 /* MonthlyToDoListViewModel.swift in Sources */,
				427C4EE62C91D5B200DE7844 /* ViewController.swift in Sources */,
				42FA31FD2C918A6500AB5469 /* HanHae.xcdatamodeld in Sources */,
				42FA31F32C918A6500AB5469 /* AppDelegate.swift in Sources */,
				427C4EE22C91C59C00DE7844 /* UIFont+Extension.swift in Sources */,
				42FA31F52C918A6500AB5469 /* SceneDelegate.swift in Sources */,
				D787E0782CAC9AEF006010F4 /* ToDoListTableViewCell.swift in Sources */,
				42E2BB402CB107D100C102DE /* SettingDetailViewController.swift in Sources */,
				D787E0742CAC9AD6006010F4 /* MonthlyMottoViewController.swift in Sources */,
				42FBAC1F2C92993A002F5A4D /* SampleModel.swift in Sources */,
				D787E07A2CAC9B03006010F4 /* DetailViewController.swift in Sources */,
				42056A502CB35A2A00BC3F87 /* DeviceInfo.swift in Sources */,
				42BC1FED2CAE4F9100BED6F2 /* SettingsViewController.swift in Sources */,
				42FBAC232C929AC5002F5A4D /* HHBaseViewController.swift in Sources */,
				42CE1D7D2CA933D900270234 /* Date+Extension.swift in Sources */,
				42322B432C9F12AA008C54FD /* MonthlyCell.swift in Sources */,
				42FD5ADD2C9C6DB100B1AF81 /* YearsViewController.swift in Sources */,
				4223B9662CA02CAF00BD9708 /* YearsViewModel.swift in Sources */,
				42AECC2D2CC684B30068F47D /* CoreDataInitializer.swift in Sources */,
				422010842CA68EAE00721175 /* MonthlyViewModel.swift in Sources */,
				42DBE6DC2C9FD3330012BC63 /* YearHeaderView.swift in Sources */,
				42CE1D802CA93BA200270234 /* CoreDataManager.swift in Sources */,
				4231E7592CB17E11006EFD99 /* SettingsViewModel.swift in Sources */,
			);
			runOnlyForDeploymentPostprocessing = 0;
		};
/* End PBXSourcesBuildPhase section */

/* Begin PBXVariantGroup section */
		42FA32002C918A6600AB5469 /* LaunchScreen.storyboard */ = {
			isa = PBXVariantGroup;
			children = (
				42FA32012C918A6600AB5469 /* Base */,
			);
			name = LaunchScreen.storyboard;
			sourceTree = "<group>";
		};
/* End PBXVariantGroup section */

/* Begin XCBuildConfiguration section */
		42FA32042C918A6600AB5469 /* Debug */ = {
			isa = XCBuildConfiguration;
			buildSettings = {
				ALWAYS_SEARCH_USER_PATHS = NO;
				ASSETCATALOG_COMPILER_GENERATE_SWIFT_ASSET_SYMBOL_EXTENSIONS = YES;
				CLANG_ANALYZER_NONNULL = YES;
				CLANG_ANALYZER_NUMBER_OBJECT_CONVERSION = YES_AGGRESSIVE;
				CLANG_CXX_LANGUAGE_STANDARD = "gnu++20";
				CLANG_ENABLE_MODULES = YES;
				CLANG_ENABLE_OBJC_ARC = YES;
				CLANG_ENABLE_OBJC_WEAK = YES;
				CLANG_WARN_BLOCK_CAPTURE_AUTORELEASING = YES;
				CLANG_WARN_BOOL_CONVERSION = YES;
				CLANG_WARN_COMMA = YES;
				CLANG_WARN_CONSTANT_CONVERSION = YES;
				CLANG_WARN_DEPRECATED_OBJC_IMPLEMENTATIONS = YES;
				CLANG_WARN_DIRECT_OBJC_ISA_USAGE = YES_ERROR;
				CLANG_WARN_DOCUMENTATION_COMMENTS = YES;
				CLANG_WARN_EMPTY_BODY = YES;
				CLANG_WARN_ENUM_CONVERSION = YES;
				CLANG_WARN_INFINITE_RECURSION = YES;
				CLANG_WARN_INT_CONVERSION = YES;
				CLANG_WARN_NON_LITERAL_NULL_CONVERSION = YES;
				CLANG_WARN_OBJC_IMPLICIT_RETAIN_SELF = YES;
				CLANG_WARN_OBJC_LITERAL_CONVERSION = YES;
				CLANG_WARN_OBJC_ROOT_CLASS = YES_ERROR;
				CLANG_WARN_QUOTED_INCLUDE_IN_FRAMEWORK_HEADER = YES;
				CLANG_WARN_RANGE_LOOP_ANALYSIS = YES;
				CLANG_WARN_STRICT_PROTOTYPES = YES;
				CLANG_WARN_SUSPICIOUS_MOVE = YES;
				CLANG_WARN_UNGUARDED_AVAILABILITY = YES_AGGRESSIVE;
				CLANG_WARN_UNREACHABLE_CODE = YES;
				CLANG_WARN__DUPLICATE_METHOD_MATCH = YES;
				COPY_PHASE_STRIP = NO;
				DEBUG_INFORMATION_FORMAT = dwarf;
				ENABLE_STRICT_OBJC_MSGSEND = YES;
				ENABLE_TESTABILITY = YES;
				ENABLE_USER_SCRIPT_SANDBOXING = YES;
				GCC_C_LANGUAGE_STANDARD = gnu17;
				GCC_DYNAMIC_NO_PIC = NO;
				GCC_NO_COMMON_BLOCKS = YES;
				GCC_OPTIMIZATION_LEVEL = 0;
				GCC_PREPROCESSOR_DEFINITIONS = (
					"DEBUG=1",
					"$(inherited)",
				);
				GCC_WARN_64_TO_32_BIT_CONVERSION = YES;
				GCC_WARN_ABOUT_RETURN_TYPE = YES_ERROR;
				GCC_WARN_UNDECLARED_SELECTOR = YES;
				GCC_WARN_UNINITIALIZED_AUTOS = YES_AGGRESSIVE;
				GCC_WARN_UNUSED_FUNCTION = YES;
				GCC_WARN_UNUSED_VARIABLE = YES;
				IPHONEOS_DEPLOYMENT_TARGET = 17.5;
				LOCALIZATION_PREFERS_STRING_CATALOGS = YES;
				MTL_ENABLE_DEBUG_INFO = INCLUDE_SOURCE;
				MTL_FAST_MATH = YES;
				ONLY_ACTIVE_ARCH = YES;
				SDKROOT = iphoneos;
				SWIFT_ACTIVE_COMPILATION_CONDITIONS = "DEBUG $(inherited)";
				SWIFT_EMIT_LOC_STRINGS = YES;
				SWIFT_OPTIMIZATION_LEVEL = "-Onone";
			};
			name = Debug;
		};
		42FA32052C918A6600AB5469 /* Release */ = {
			isa = XCBuildConfiguration;
			buildSettings = {
				ALWAYS_SEARCH_USER_PATHS = NO;
				ASSETCATALOG_COMPILER_GENERATE_SWIFT_ASSET_SYMBOL_EXTENSIONS = YES;
				CLANG_ANALYZER_NONNULL = YES;
				CLANG_ANALYZER_NUMBER_OBJECT_CONVERSION = YES_AGGRESSIVE;
				CLANG_CXX_LANGUAGE_STANDARD = "gnu++20";
				CLANG_ENABLE_MODULES = YES;
				CLANG_ENABLE_OBJC_ARC = YES;
				CLANG_ENABLE_OBJC_WEAK = YES;
				CLANG_WARN_BLOCK_CAPTURE_AUTORELEASING = YES;
				CLANG_WARN_BOOL_CONVERSION = YES;
				CLANG_WARN_COMMA = YES;
				CLANG_WARN_CONSTANT_CONVERSION = YES;
				CLANG_WARN_DEPRECATED_OBJC_IMPLEMENTATIONS = YES;
				CLANG_WARN_DIRECT_OBJC_ISA_USAGE = YES_ERROR;
				CLANG_WARN_DOCUMENTATION_COMMENTS = YES;
				CLANG_WARN_EMPTY_BODY = YES;
				CLANG_WARN_ENUM_CONVERSION = YES;
				CLANG_WARN_INFINITE_RECURSION = YES;
				CLANG_WARN_INT_CONVERSION = YES;
				CLANG_WARN_NON_LITERAL_NULL_CONVERSION = YES;
				CLANG_WARN_OBJC_IMPLICIT_RETAIN_SELF = YES;
				CLANG_WARN_OBJC_LITERAL_CONVERSION = YES;
				CLANG_WARN_OBJC_ROOT_CLASS = YES_ERROR;
				CLANG_WARN_QUOTED_INCLUDE_IN_FRAMEWORK_HEADER = YES;
				CLANG_WARN_RANGE_LOOP_ANALYSIS = YES;
				CLANG_WARN_STRICT_PROTOTYPES = YES;
				CLANG_WARN_SUSPICIOUS_MOVE = YES;
				CLANG_WARN_UNGUARDED_AVAILABILITY = YES_AGGRESSIVE;
				CLANG_WARN_UNREACHABLE_CODE = YES;
				CLANG_WARN__DUPLICATE_METHOD_MATCH = YES;
				COPY_PHASE_STRIP = NO;
				DEBUG_INFORMATION_FORMAT = "dwarf-with-dsym";
				ENABLE_NS_ASSERTIONS = NO;
				ENABLE_STRICT_OBJC_MSGSEND = YES;
				ENABLE_USER_SCRIPT_SANDBOXING = YES;
				GCC_C_LANGUAGE_STANDARD = gnu17;
				GCC_NO_COMMON_BLOCKS = YES;
				GCC_WARN_64_TO_32_BIT_CONVERSION = YES;
				GCC_WARN_ABOUT_RETURN_TYPE = YES_ERROR;
				GCC_WARN_UNDECLARED_SELECTOR = YES;
				GCC_WARN_UNINITIALIZED_AUTOS = YES_AGGRESSIVE;
				GCC_WARN_UNUSED_FUNCTION = YES;
				GCC_WARN_UNUSED_VARIABLE = YES;
				IPHONEOS_DEPLOYMENT_TARGET = 17.5;
				LOCALIZATION_PREFERS_STRING_CATALOGS = YES;
				MTL_ENABLE_DEBUG_INFO = NO;
				MTL_FAST_MATH = YES;
				SDKROOT = iphoneos;
				SWIFT_COMPILATION_MODE = wholemodule;
				SWIFT_EMIT_LOC_STRINGS = YES;
				VALIDATE_PRODUCT = YES;
			};
			name = Release;
		};
		42FA32072C918A6600AB5469 /* Debug */ = {
			isa = XCBuildConfiguration;
			buildSettings = {
				ASSETCATALOG_COMPILER_APPICON_NAME = AppIcon;
				ASSETCATALOG_COMPILER_GLOBAL_ACCENT_COLOR_NAME = AccentColor;
				CODE_SIGN_IDENTITY = "Apple Development";
				CODE_SIGN_STYLE = Automatic;
				CURRENT_PROJECT_VERSION = 1;
				DEVELOPMENT_TEAM = MDA9736J9A;
				GENERATE_INFOPLIST_FILE = YES;
				INFOPLIST_FILE = HanHae/Info.plist;
				INFOPLIST_KEY_UIApplicationSupportsIndirectInputEvents = YES;
				INFOPLIST_KEY_UILaunchStoryboardName = LaunchScreen;
				INFOPLIST_KEY_UISupportedInterfaceOrientations_iPad = "UIInterfaceOrientationPortrait UIInterfaceOrientationPortraitUpsideDown UIInterfaceOrientationLandscapeLeft UIInterfaceOrientationLandscapeRight";
				INFOPLIST_KEY_UISupportedInterfaceOrientations_iPhone = "UIInterfaceOrientationPortrait UIInterfaceOrientationLandscapeLeft UIInterfaceOrientationLandscapeRight";
				LD_RUNPATH_SEARCH_PATHS = (
					"$(inherited)",
					"@executable_path/Frameworks",
				);
				MARKETING_VERSION = 1.0;
				PRODUCT_BUNDLE_IDENTIFIER = com.KimBrothers.HanHae;
				PRODUCT_NAME = "$(TARGET_NAME)";
				PROVISIONING_PROFILE_SPECIFIER = "";
				SWIFT_EMIT_LOC_STRINGS = YES;
				SWIFT_VERSION = 5.0;
				TARGETED_DEVICE_FAMILY = "1,2";
			};
			name = Debug;
		};
		42FA32082C918A6600AB5469 /* Release */ = {
			isa = XCBuildConfiguration;
			buildSettings = {
				ASSETCATALOG_COMPILER_APPICON_NAME = AppIcon;
				ASSETCATALOG_COMPILER_GLOBAL_ACCENT_COLOR_NAME = AccentColor;
				CODE_SIGN_IDENTITY = "Apple Development";
				CODE_SIGN_STYLE = Automatic;
				CURRENT_PROJECT_VERSION = 1;
				DEVELOPMENT_TEAM = MDA9736J9A;
				GENERATE_INFOPLIST_FILE = YES;
				INFOPLIST_FILE = HanHae/Info.plist;
				INFOPLIST_KEY_UIApplicationSupportsIndirectInputEvents = YES;
				INFOPLIST_KEY_UILaunchStoryboardName = LaunchScreen;
				INFOPLIST_KEY_UISupportedInterfaceOrientations_iPad = "UIInterfaceOrientationPortrait UIInterfaceOrientationPortraitUpsideDown UIInterfaceOrientationLandscapeLeft UIInterfaceOrientationLandscapeRight";
				INFOPLIST_KEY_UISupportedInterfaceOrientations_iPhone = "UIInterfaceOrientationPortrait UIInterfaceOrientationLandscapeLeft UIInterfaceOrientationLandscapeRight";
				LD_RUNPATH_SEARCH_PATHS = (
					"$(inherited)",
					"@executable_path/Frameworks",
				);
				MARKETING_VERSION = 1.0;
				PRODUCT_BUNDLE_IDENTIFIER = com.KimBrothers.HanHae;
				PRODUCT_NAME = "$(TARGET_NAME)";
				PROVISIONING_PROFILE_SPECIFIER = "";
				SWIFT_EMIT_LOC_STRINGS = YES;
				SWIFT_VERSION = 5.0;
				TARGETED_DEVICE_FAMILY = "1,2";
			};
			name = Release;
		};
/* End XCBuildConfiguration section */

/* Begin XCConfigurationList section */
		42FA31EA2C918A6500AB5469 /* Build configuration list for PBXProject "HanHae" */ = {
			isa = XCConfigurationList;
			buildConfigurations = (
				42FA32042C918A6600AB5469 /* Debug */,
				42FA32052C918A6600AB5469 /* Release */,
			);
			defaultConfigurationIsVisible = 0;
			defaultConfigurationName = Release;
		};
		42FA32062C918A6600AB5469 /* Build configuration list for PBXNativeTarget "HanHae" */ = {
			isa = XCConfigurationList;
			buildConfigurations = (
				42FA32072C918A6600AB5469 /* Debug */,
				42FA32082C918A6600AB5469 /* Release */,
			);
			defaultConfigurationIsVisible = 0;
			defaultConfigurationName = Release;
		};
/* End XCConfigurationList section */

/* Begin XCVersionGroup section */
		42FA31FB2C918A6500AB5469 /* HanHae.xcdatamodeld */ = {
			isa = XCVersionGroup;
			children = (
				42FA31FC2C918A6500AB5469 /* HanHae.xcdatamodel */,
			);
			currentVersion = 42FA31FC2C918A6500AB5469 /* HanHae.xcdatamodel */;
			path = HanHae.xcdatamodeld;
			sourceTree = "<group>";
			versionGroupType = wrapper.xcdatamodel;
		};
/* End XCVersionGroup section */
	};
	rootObject = 42FA31E72C918A6500AB5469 /* Project object */;
}
